
Microsoft Visual Studio Solution File, Format Version 12.00
# Visual Studio Version 16
VisualStudioVersion = 16.0.34902.97
MinimumVisualStudioVersion = 10.0.40219.1
Project("{FAE04EC0-301F-11D3-BF4B-00C04F79EFBC}") = "TdMvcFinal02", "TdMvcFinal02\TdMvcFinal02.csproj", "{CA3978EC-C3BE-4D72-A49E-2177D9E8E728}"
EndProject
Global
	GlobalSection(SolutionConfigurationPlatforms) = preSolution
		Debug|Any CPU = Debug|Any CPU
		Release|Any CPU = Release|Any CPU
	EndGlobalSection
	GlobalSection(ProjectConfigurationPlatforms) = postSolution
		{CA3978EC-C3BE-4D72-A49E-2177D9E8E728}.Debug|Any CPU.ActiveCfg = Debug|Any CPU
		{CA3978EC-C3BE-4D72-A49E-2177D9E8E728}.Debug|Any CPU.Build.0 = Debug|Any CPU
		{CA3978EC-C3BE-4D72-A49E-2177D9E8E728}.Release|Any CPU.ActiveCfg = Release|Any CPU
		{CA3978EC-C3BE-4D72-A49E-2177D9E8E728}.Release|Any CPU.Build.0 = Release|Any CPU
	EndGlobalSection
	GlobalSection(SolutionProperties) = preSolution
		HideSolutionNode = FALSE
	EndGlobalSection
	GlobalSection(ExtensibilityGlobals) = postSolution
		SolutionGuid = {184C70F3-5590-46AC-85EE-81A51A5CD6ED}
	EndGlobalSection
EndGlobal
